{
  "pins" : [
    {
      "identity" : "kingfisher",
      "kind" : "remoteSourceControl",
      "location" : "https://github.com/onevcat/Kingfisher.git",
      "state" : {
        "branch" : "master",
        "revision" : "2235a22ca249199cb736237f4bb9cc12b6ed416a"
      }
    },
    {
      "identity" : "sdk-ios",
      "kind" : "remoteSourceControl",
      "location" : "https://github.com/viafoura/sdk-ios.git",
      "state" : {
        "revision" : "31a8e9ebc5a3e989b504ca60f8e3d0ac79009d3c",
        "version" : "0.0.4"
      }
    }
  ],
  "version" : 2
}
