{
  "object": {
    "pins": [
      {
        "package": "KeychainAccess",
        "repositoryURL": "https://github.com/kishikawakatsumi/KeychainAccess",
        "state": {
          "branch": "master",
          "revision": "6299daec1d74be12164fec090faf9ed14d0da9d6",
          "version": null
        }
      },
      {
        "package": "Kingfisher",
        "repositoryURL": "https://github.com/onevcat/Kingfisher.git",
        "state": {
          "branch": "master",
          "revision": "229f637beeb7b4ef81006e951a17a7cf2c52ccf0",
          "version": null
        }
      }
    ]
  },
  "version": 1
}
