// !$*UTF8*$!
{
	archiveVersion = 1;
	classes = {
	};
	objectVersion = 55;
	objects = {

/* Begin PBXBuildFile section */
		4707010028CBEBC500BE9C0D /* GoogleService-Info.plist in Resources */ = {isa = PBXBuildFile; fileRef = 470700FD28CBEBC500BE9C0D /* GoogleService-Info.plist */; };
		4707010828CFAD2C00BE9C0D /* LoginRadius.plist in Resources */ = {isa = PBXBuildFile; fileRef = 4707010728CFAD2C00BE9C0D /* LoginRadius.plist */; };
		470D07DF2B62B43800932D2C /* UIViewController+Fade.swift in Sources */ = {isa = PBXBuildFile; fileRef = 470D07DE2B62B43800932D2C /* UIViewController+Fade.swift */; };
		4710CE122A164F0A00A4115D /* UIViewController+HideKeyboard.swift in Sources */ = {isa = PBXBuildFile; fileRef = 4710CE112A164F0A00A4115D /* UIViewController+HideKeyboard.swift */; };
		473DBC2C285A59E30044D00F /* CustomNavigationController.swift in Sources */ = {isa = PBXBuildFile; fileRef = 473DBC2B285A59E30044D00F /* CustomNavigationController.swift */; };
		4771BE2629354C3800389833 /* SettingsViewController.swift in Sources */ = {isa = PBXBuildFile; fileRef = 4771BE2529354C3800389833 /* SettingsViewController.swift */; };
		4771BE2829354C4E00389833 /* SettingsViewModel.swift in Sources */ = {isa = PBXBuildFile; fileRef = 4771BE2729354C4E00389833 /* SettingsViewModel.swift */; };
		4771BE2A29354F4200389833 /* SettingCell.swift in Sources */ = {isa = PBXBuildFile; fileRef = 4771BE2929354F4100389833 /* SettingCell.swift */; };
		4771BE2C2935506E00389833 /* Setting.swift in Sources */ = {isa = PBXBuildFile; fileRef = 4771BE2B2935506E00389833 /* Setting.swift */; };
		4771BE302935545600389833 /* CommentsContainerViewController.swift in Sources */ = {isa = PBXBuildFile; fileRef = 4771BE2F2935545600389833 /* CommentsContainerViewController.swift */; };
		4771BE32293556A100389833 /* VCIdentifier.swift in Sources */ = {isa = PBXBuildFile; fileRef = 4771BE31293556A000389833 /* VCIdentifier.swift */; };
		4771BE342935571D00389833 /* CommentsContainerViewModel.swift in Sources */ = {isa = PBXBuildFile; fileRef = 4771BE332935571D00389833 /* CommentsContainerViewModel.swift */; };
		477904112818E2CC0019B2F3 /* ArticleViewController.swift in Sources */ = {isa = PBXBuildFile; fileRef = 477904102818E2CC0019B2F3 /* ArticleViewController.swift */; };
		477904152818E73D0019B2F3 /* StoryTableViewCell.swift in Sources */ = {isa = PBXBuildFile; fileRef = 477904142818E73D0019B2F3 /* StoryTableViewCell.swift */; };
		477904182818E7FF0019B2F3 /* HomeViewModel.swift in Sources */ = {isa = PBXBuildFile; fileRef = 477904172818E7FF0019B2F3 /* HomeViewModel.swift */; };
		4779041B2818E81B0019B2F3 /* Story.swift in Sources */ = {isa = PBXBuildFile; fileRef = 4779041A2818E81B0019B2F3 /* Story.swift */; };
		477904262818EAB90019B2F3 /* LoginViewController.swift in Sources */ = {isa = PBXBuildFile; fileRef = 477904252818EAB90019B2F3 /* LoginViewController.swift */; };
		477904282818EC6C0019B2F3 /* ArticleViewModel.swift in Sources */ = {isa = PBXBuildFile; fileRef = 477904272818EC6C0019B2F3 /* ArticleViewModel.swift */; };
		479502D32818F03C00ED9E56 /* MainTabBarController.swift in Sources */ = {isa = PBXBuildFile; fileRef = 479502D22818F03C00ED9E56 /* MainTabBarController.swift */; };
		4795030B2819D05D00ED9E56 /* LoginViewModel.swift in Sources */ = {isa = PBXBuildFile; fileRef = 4795030A2819D05D00ED9E56 /* LoginViewModel.swift */; };
		479A3C382B08106000E455A5 /* LiveChatPortraitViewController.swift in Sources */ = {isa = PBXBuildFile; fileRef = 479A3C372B08106000E455A5 /* LiveChatPortraitViewController.swift */; };
		479A3C3A2B08107600E455A5 /* LiveChatPortrait.storyboard in Resources */ = {isa = PBXBuildFile; fileRef = 479A3C392B08107600E455A5 /* LiveChatPortrait.storyboard */; };
		479B5A2A29D34AA600734F84 /* LiveBlogViewController.swift in Sources */ = {isa = PBXBuildFile; fileRef = 479B5A2929D34AA600734F84 /* LiveBlogViewController.swift */; };
		479B5A2C29D34AFD00734F84 /* LiveBlogViewModel.swift in Sources */ = {isa = PBXBuildFile; fileRef = 479B5A2B29D34AFD00734F84 /* LiveBlogViewModel.swift */; };
		47A8F2272832D1E700D9EB8B /* SignUpViewModel.swift in Sources */ = {isa = PBXBuildFile; fileRef = 47A8F2262832D1E700D9EB8B /* SignUpViewModel.swift */; };
		47A8F22B2832D1F300D9EB8B /* SignUpViewController.swift in Sources */ = {isa = PBXBuildFile; fileRef = 47A8F22A2832D1F300D9EB8B /* SignUpViewController.swift */; };
		47B0096728179DF800EF93FD /* AppDelegate.swift in Sources */ = {isa = PBXBuildFile; fileRef = 47B0096628179DF800EF93FD /* AppDelegate.swift */; };
		47B0096928179DF800EF93FD /* SceneDelegate.swift in Sources */ = {isa = PBXBuildFile; fileRef = 47B0096828179DF800EF93FD /* SceneDelegate.swift */; };
		47B0096B28179DF800EF93FD /* HomeViewController.swift in Sources */ = {isa = PBXBuildFile; fileRef = 47B0096A28179DF800EF93FD /* HomeViewController.swift */; };
		47B0096E28179DF800EF93FD /* Main.storyboard in Resources */ = {isa = PBXBuildFile; fileRef = 47B0096C28179DF800EF93FD /* Main.storyboard */; };
		47B0097028179DFB00EF93FD /* Assets.xcassets in Resources */ = {isa = PBXBuildFile; fileRef = 47B0096F28179DFB00EF93FD /* Assets.xcassets */; };
		47B0097328179DFB00EF93FD /* LaunchScreen.storyboard in Resources */ = {isa = PBXBuildFile; fileRef = 47B0097128179DFB00EF93FD /* LaunchScreen.storyboard */; };
		47B1DD39297EC13700FBD05C /* Kingfisher in Frameworks */ = {isa = PBXBuildFile; productRef = 47B1DD38297EC13700FBD05C /* Kingfisher */; };
		47CB993E29E3867C0070FF2B /* LiveChatPortraitOverlayViewController.swift in Sources */ = {isa = PBXBuildFile; fileRef = 47CB993D29E3867C0070FF2B /* LiveChatPortraitOverlayViewController.swift */; };
		47CB994029E386820070FF2B /* LiveChatViewModel.swift in Sources */ = {isa = PBXBuildFile; fileRef = 47CB993F29E386820070FF2B /* LiveChatViewModel.swift */; };
		47CB994229E388BE0070FF2B /* video-example.mp4 in Resources */ = {isa = PBXBuildFile; fileRef = 47CB994129E3888C0070FF2B /* video-example.mp4 */; };
		47CB996029E586880070FF2B /* Article.storyboard in Resources */ = {isa = PBXBuildFile; fileRef = 47CB995F29E586880070FF2B /* Article.storyboard */; };
		47CB996229E5868F0070FF2B /* Login.storyboard in Resources */ = {isa = PBXBuildFile; fileRef = 47CB996129E5868F0070FF2B /* Login.storyboard */; };
		47CB996429E586960070FF2B /* SignUp.storyboard in Resources */ = {isa = PBXBuildFile; fileRef = 47CB996329E586960070FF2B /* SignUp.storyboard */; };
		47CB996629E586A00070FF2B /* Home.storyboard in Resources */ = {isa = PBXBuildFile; fileRef = 47CB996529E586A00070FF2B /* Home.storyboard */; };
		47CB996829E586A80070FF2B /* Settings.storyboard in Resources */ = {isa = PBXBuildFile; fileRef = 47CB996729E586A80070FF2B /* Settings.storyboard */; };
		47CB996A29E586B00070FF2B /* LiveBlog.storyboard in Resources */ = {isa = PBXBuildFile; fileRef = 47CB996929E586B00070FF2B /* LiveBlog.storyboard */; };
		47CB996C29E586B60070FF2B /* LiveChatPortraitOverlay.storyboard in Resources */ = {isa = PBXBuildFile; fileRef = 47CB996B29E586B60070FF2B /* LiveChatPortraitOverlay.storyboard */; };
		47CB996E29E586BE0070FF2B /* CommentsContainer.storyboard in Resources */ = {isa = PBXBuildFile; fileRef = 47CB996D29E586BE0070FF2B /* CommentsContainer.storyboard */; };
		47CB997029E586C70070FF2B /* LiveChats.storyboard in Resources */ = {isa = PBXBuildFile; fileRef = 47CB996F29E586C70070FF2B /* LiveChats.storyboard */; };
		47CB997329E589700070FF2B /* StoryboardCreatable.swift in Sources */ = {isa = PBXBuildFile; fileRef = 47CB997229E589700070FF2B /* StoryboardCreatable.swift */; };
		47DAE50A2922EF72008E95E1 /* LiveChatsViewController.swift in Sources */ = {isa = PBXBuildFile; fileRef = 47DAE5092922EF72008E95E1 /* LiveChatsViewController.swift */; };
		47DAE50C2922EF7A008E95E1 /* LiveChatsViewModel.swift in Sources */ = {isa = PBXBuildFile; fileRef = 47DAE50B2922EF7A008E95E1 /* LiveChatsViewModel.swift */; };
		47DAE50F2922EF8D008E95E1 /* LiveChatTableViewCell.swift in Sources */ = {isa = PBXBuildFile; fileRef = 47DAE50E2922EF8D008E95E1 /* LiveChatTableViewCell.swift */; };
		47E29F0F2B0BB6B300BB5267 /* video-cnn.mp4 in Resources */ = {isa = PBXBuildFile; fileRef = 47E29F0E2B0BB6B000BB5267 /* video-cnn.mp4 */; };
		47E991D42A780D46006DE6F5 /* ViafouraSDK.framework in Frameworks */ = {isa = PBXBuildFile; fileRef = 47A7E50A2A3215440056AF74 /* ViafouraSDK.framework */; };
		47E991D52A780D46006DE6F5 /* ViafouraSDK.framework in Embed Frameworks */ = {isa = PBXBuildFile; fileRef = 47A7E50A2A3215440056AF74 /* ViafouraSDK.framework */; settings = {ATTRIBUTES = (CodeSignOnCopy, RemoveHeadersOnCopy, ); }; };
		47F912E02A683F81004D457C /* PollTableViewCell.swift in Sources */ = {isa = PBXBuildFile; fileRef = 47F912DF2A683F81004D457C /* PollTableViewCell.swift */; };
		47F912E22A684199004D457C /* Content.swift in Sources */ = {isa = PBXBuildFile; fileRef = 47F912E12A684199004D457C /* Content.swift */; };
		47F912E42A68419F004D457C /* Poll.swift in Sources */ = {isa = PBXBuildFile; fileRef = 47F912E32A68419F004D457C /* Poll.swift */; };
		47F912E72A68431A004D457C /* PollViewController.swift in Sources */ = {isa = PBXBuildFile; fileRef = 47F912E62A68431A004D457C /* PollViewController.swift */; };
		47F912E92A684650004D457C /* PollViewModel.swift in Sources */ = {isa = PBXBuildFile; fileRef = 47F912E82A684650004D457C /* PollViewModel.swift */; };
		47F912EB2A684694004D457C /* Poll.storyboard in Resources */ = {isa = PBXBuildFile; fileRef = 47F912EA2A684694004D457C /* Poll.storyboard */; };
		70ACF1AD7E6B5FDF8B92884B /* Pods_Viafoura.framework in Frameworks */ = {isa = PBXBuildFile; fileRef = 8D84CA436C59C8B7F6588B2B /* Pods_Viafoura.framework */; };
/* End PBXBuildFile section */

/* Begin PBXContainerItemProxy section */
		47A7E5092A3215440056AF74 /* PBXContainerItemProxy */ = {
			isa = PBXContainerItemProxy;
			containerPortal = 47A7E5042A3215440056AF74 /* ViafouraSDK.xcodeproj */;
			proxyType = 2;
			remoteGlobalIDString = 47B009052817871500EF93FD;
			remoteInfo = ViafouraSDK;
		};
		47A7E50B2A3215440056AF74 /* PBXContainerItemProxy */ = {
			isa = PBXContainerItemProxy;
			containerPortal = 47A7E5042A3215440056AF74 /* ViafouraSDK.xcodeproj */;
			proxyType = 2;
			remoteGlobalIDString = 47B0090F2817871500EF93FD;
			remoteInfo = ViafouraSDKTests;
		};
/* End PBXContainerItemProxy section */

/* Begin PBXCopyFilesBuildPhase section */
		47162763293FAA9400729F25 /* Embed Foundation Extensions */ = {
			isa = PBXCopyFilesBuildPhase;
			buildActionMask = 2147483647;
			dstPath = "";
			dstSubfolderSpec = 13;
			files = (
			);
			name = "Embed Foundation Extensions";
			runOnlyForDeploymentPostprocessing = 0;
		};
		47E991D62A780D46006DE6F5 /* Embed Frameworks */ = {
			isa = PBXCopyFilesBuildPhase;
			buildActionMask = 2147483647;
			dstPath = "";
			dstSubfolderSpec = 10;
			files = (
				47E991D52A780D46006DE6F5 /* ViafouraSDK.framework in Embed Frameworks */,
			);
			name = "Embed Frameworks";
			runOnlyForDeploymentPostprocessing = 0;
		};
/* End PBXCopyFilesBuildPhase section */

/* Begin PBXFileReference section */
		422FA97CFCF760DBE8152637 /* Pods-Viafoura.debug.xcconfig */ = {isa = PBXFileReference; includeInIndex = 1; lastKnownFileType = text.xcconfig; name = "Pods-Viafoura.debug.xcconfig"; path = "Target Support Files/Pods-Viafoura/Pods-Viafoura.debug.xcconfig"; sourceTree = "<group>"; };
		470700FD28CBEBC500BE9C0D /* GoogleService-Info.plist */ = {isa = PBXFileReference; fileEncoding = 4; lastKnownFileType = text.plist.xml; path = "GoogleService-Info.plist"; sourceTree = "<group>"; };
		4707010728CFAD2C00BE9C0D /* LoginRadius.plist */ = {isa = PBXFileReference; lastKnownFileType = text.plist.xml; path = LoginRadius.plist; sourceTree = "<group>"; };
		470D07DE2B62B43800932D2C /* UIViewController+Fade.swift */ = {isa = PBXFileReference; lastKnownFileType = sourcecode.swift; path = "UIViewController+Fade.swift"; sourceTree = "<group>"; };
		4710CE112A164F0A00A4115D /* UIViewController+HideKeyboard.swift */ = {isa = PBXFileReference; lastKnownFileType = sourcecode.swift; path = "UIViewController+HideKeyboard.swift"; sourceTree = "<group>"; };
		47162750293FA61100729F25 /* Viafoura.entitlements */ = {isa = PBXFileReference; lastKnownFileType = text.plist.entitlements; path = Viafoura.entitlements; sourceTree = "<group>"; };
		473DBC2B285A59E30044D00F /* CustomNavigationController.swift */ = {isa = PBXFileReference; lastKnownFileType = sourcecode.swift; path = CustomNavigationController.swift; sourceTree = "<group>"; };
		4771BE2529354C3800389833 /* SettingsViewController.swift */ = {isa = PBXFileReference; lastKnownFileType = sourcecode.swift; path = SettingsViewController.swift; sourceTree = "<group>"; };
		4771BE2729354C4E00389833 /* SettingsViewModel.swift */ = {isa = PBXFileReference; lastKnownFileType = sourcecode.swift; path = SettingsViewModel.swift; sourceTree = "<group>"; };
		4771BE2929354F4100389833 /* SettingCell.swift */ = {isa = PBXFileReference; lastKnownFileType = sourcecode.swift; path = SettingCell.swift; sourceTree = "<group>"; };
		4771BE2B2935506E00389833 /* Setting.swift */ = {isa = PBXFileReference; lastKnownFileType = sourcecode.swift; path = Setting.swift; sourceTree = "<group>"; };
		4771BE2F2935545600389833 /* CommentsContainerViewController.swift */ = {isa = PBXFileReference; lastKnownFileType = sourcecode.swift; path = CommentsContainerViewController.swift; sourceTree = "<group>"; };
		4771BE31293556A000389833 /* VCIdentifier.swift */ = {isa = PBXFileReference; lastKnownFileType = sourcecode.swift; path = VCIdentifier.swift; sourceTree = "<group>"; };
		4771BE332935571D00389833 /* CommentsContainerViewModel.swift */ = {isa = PBXFileReference; lastKnownFileType = sourcecode.swift; path = CommentsContainerViewModel.swift; sourceTree = "<group>"; };
		477904102818E2CC0019B2F3 /* ArticleViewController.swift */ = {isa = PBXFileReference; lastKnownFileType = sourcecode.swift; path = ArticleViewController.swift; sourceTree = "<group>"; };
		477904142818E73D0019B2F3 /* StoryTableViewCell.swift */ = {isa = PBXFileReference; lastKnownFileType = sourcecode.swift; path = StoryTableViewCell.swift; sourceTree = "<group>"; };
		477904172818E7FF0019B2F3 /* HomeViewModel.swift */ = {isa = PBXFileReference; lastKnownFileType = sourcecode.swift; path = HomeViewModel.swift; sourceTree = "<group>"; };
		4779041A2818E81B0019B2F3 /* Story.swift */ = {isa = PBXFileReference; lastKnownFileType = sourcecode.swift; path = Story.swift; sourceTree = "<group>"; };
		477904252818EAB90019B2F3 /* LoginViewController.swift */ = {isa = PBXFileReference; lastKnownFileType = sourcecode.swift; path = LoginViewController.swift; sourceTree = "<group>"; };
		477904272818EC6C0019B2F3 /* ArticleViewModel.swift */ = {isa = PBXFileReference; lastKnownFileType = sourcecode.swift; path = ArticleViewModel.swift; sourceTree = "<group>"; };
		479502D22818F03C00ED9E56 /* MainTabBarController.swift */ = {isa = PBXFileReference; lastKnownFileType = sourcecode.swift; path = MainTabBarController.swift; sourceTree = "<group>"; };
		4795030A2819D05D00ED9E56 /* LoginViewModel.swift */ = {isa = PBXFileReference; lastKnownFileType = sourcecode.swift; path = LoginViewModel.swift; sourceTree = "<group>"; };
		479A3C372B08106000E455A5 /* LiveChatPortraitViewController.swift */ = {isa = PBXFileReference; lastKnownFileType = sourcecode.swift; path = LiveChatPortraitViewController.swift; sourceTree = "<group>"; };
		479A3C392B08107600E455A5 /* LiveChatPortrait.storyboard */ = {isa = PBXFileReference; lastKnownFileType = file.storyboard; path = LiveChatPortrait.storyboard; sourceTree = "<group>"; };
		479B5A2929D34AA600734F84 /* LiveBlogViewController.swift */ = {isa = PBXFileReference; lastKnownFileType = sourcecode.swift; path = LiveBlogViewController.swift; sourceTree = "<group>"; };
		479B5A2B29D34AFD00734F84 /* LiveBlogViewModel.swift */ = {isa = PBXFileReference; lastKnownFileType = sourcecode.swift; path = LiveBlogViewModel.swift; sourceTree = "<group>"; };
		47A7E5042A3215440056AF74 /* ViafouraSDK.xcodeproj */ = {isa = PBXFileReference; lastKnownFileType = "wrapper.pb-project"; name = ViafouraSDK.xcodeproj; path = "../../sdk-ios-core/Viafoura SDK/ViafouraSDK.xcodeproj"; sourceTree = "<group>"; };
		47A8F2262832D1E700D9EB8B /* SignUpViewModel.swift */ = {isa = PBXFileReference; lastKnownFileType = sourcecode.swift; path = SignUpViewModel.swift; sourceTree = "<group>"; };
		47A8F22A2832D1F300D9EB8B /* SignUpViewController.swift */ = {isa = PBXFileReference; lastKnownFileType = sourcecode.swift; path = SignUpViewController.swift; sourceTree = "<group>"; };
		47B0096328179DF800EF93FD /* Viafoura.app */ = {isa = PBXFileReference; explicitFileType = wrapper.application; includeInIndex = 0; path = Viafoura.app; sourceTree = BUILT_PRODUCTS_DIR; };
		47B0096628179DF800EF93FD /* AppDelegate.swift */ = {isa = PBXFileReference; lastKnownFileType = sourcecode.swift; path = AppDelegate.swift; sourceTree = "<group>"; };
		47B0096828179DF800EF93FD /* SceneDelegate.swift */ = {isa = PBXFileReference; lastKnownFileType = sourcecode.swift; path = SceneDelegate.swift; sourceTree = "<group>"; };
		47B0096A28179DF800EF93FD /* HomeViewController.swift */ = {isa = PBXFileReference; lastKnownFileType = sourcecode.swift; path = HomeViewController.swift; sourceTree = "<group>"; };
		47B0096D28179DF800EF93FD /* Base */ = {isa = PBXFileReference; lastKnownFileType = file.storyboard; name = Base; path = Base.lproj/Main.storyboard; sourceTree = "<group>"; };
		47B0096F28179DFB00EF93FD /* Assets.xcassets */ = {isa = PBXFileReference; lastKnownFileType = folder.assetcatalog; path = Assets.xcassets; sourceTree = "<group>"; };
		47B0097228179DFB00EF93FD /* Base */ = {isa = PBXFileReference; lastKnownFileType = file.storyboard; name = Base; path = Base.lproj/LaunchScreen.storyboard; sourceTree = "<group>"; };
		47B0097428179DFB00EF93FD /* Info.plist */ = {isa = PBXFileReference; lastKnownFileType = text.plist.xml; path = Info.plist; sourceTree = "<group>"; };
		47CB993D29E3867C0070FF2B /* LiveChatPortraitOverlayViewController.swift */ = {isa = PBXFileReference; lastKnownFileType = sourcecode.swift; path = LiveChatPortraitOverlayViewController.swift; sourceTree = "<group>"; };
		47CB993F29E386820070FF2B /* LiveChatViewModel.swift */ = {isa = PBXFileReference; lastKnownFileType = sourcecode.swift; path = LiveChatViewModel.swift; sourceTree = "<group>"; };
		47CB994129E3888C0070FF2B /* video-example.mp4 */ = {isa = PBXFileReference; lastKnownFileType = file; path = "video-example.mp4"; sourceTree = "<group>"; };
		47CB995F29E586880070FF2B /* Article.storyboard */ = {isa = PBXFileReference; lastKnownFileType = file.storyboard; path = Article.storyboard; sourceTree = "<group>"; };
		47CB996129E5868F0070FF2B /* Login.storyboard */ = {isa = PBXFileReference; lastKnownFileType = file.storyboard; path = Login.storyboard; sourceTree = "<group>"; };
		47CB996329E586960070FF2B /* SignUp.storyboard */ = {isa = PBXFileReference; lastKnownFileType = file.storyboard; path = SignUp.storyboard; sourceTree = "<group>"; };
		47CB996529E586A00070FF2B /* Home.storyboard */ = {isa = PBXFileReference; lastKnownFileType = file.storyboard; path = Home.storyboard; sourceTree = "<group>"; };
		47CB996729E586A80070FF2B /* Settings.storyboard */ = {isa = PBXFileReference; lastKnownFileType = file.storyboard; path = Settings.storyboard; sourceTree = "<group>"; };
		47CB996929E586B00070FF2B /* LiveBlog.storyboard */ = {isa = PBXFileReference; lastKnownFileType = file.storyboard; path = LiveBlog.storyboard; sourceTree = "<group>"; };
		47CB996B29E586B60070FF2B /* LiveChatPortraitOverlay.storyboard */ = {isa = PBXFileReference; lastKnownFileType = file.storyboard; path = LiveChatPortraitOverlay.storyboard; sourceTree = "<group>"; };
		47CB996D29E586BE0070FF2B /* CommentsContainer.storyboard */ = {isa = PBXFileReference; lastKnownFileType = file.storyboard; path = CommentsContainer.storyboard; sourceTree = "<group>"; };
		47CB996F29E586C70070FF2B /* LiveChats.storyboard */ = {isa = PBXFileReference; lastKnownFileType = file.storyboard; path = LiveChats.storyboard; sourceTree = "<group>"; };
		47CB997229E589700070FF2B /* StoryboardCreatable.swift */ = {isa = PBXFileReference; lastKnownFileType = sourcecode.swift; path = StoryboardCreatable.swift; sourceTree = "<group>"; };
		47DAE5092922EF72008E95E1 /* LiveChatsViewController.swift */ = {isa = PBXFileReference; lastKnownFileType = sourcecode.swift; path = LiveChatsViewController.swift; sourceTree = "<group>"; };
		47DAE50B2922EF7A008E95E1 /* LiveChatsViewModel.swift */ = {isa = PBXFileReference; lastKnownFileType = sourcecode.swift; path = LiveChatsViewModel.swift; sourceTree = "<group>"; };
		47DAE50E2922EF8D008E95E1 /* LiveChatTableViewCell.swift */ = {isa = PBXFileReference; lastKnownFileType = sourcecode.swift; path = LiveChatTableViewCell.swift; sourceTree = "<group>"; };
		47E29F0E2B0BB6B000BB5267 /* video-cnn.mp4 */ = {isa = PBXFileReference; lastKnownFileType = file; path = "video-cnn.mp4"; sourceTree = "<group>"; };
		47F912DF2A683F81004D457C /* PollTableViewCell.swift */ = {isa = PBXFileReference; lastKnownFileType = sourcecode.swift; path = PollTableViewCell.swift; sourceTree = "<group>"; };
		47F912E12A684199004D457C /* Content.swift */ = {isa = PBXFileReference; lastKnownFileType = sourcecode.swift; path = Content.swift; sourceTree = "<group>"; };
		47F912E32A68419F004D457C /* Poll.swift */ = {isa = PBXFileReference; lastKnownFileType = sourcecode.swift; path = Poll.swift; sourceTree = "<group>"; };
		47F912E62A68431A004D457C /* PollViewController.swift */ = {isa = PBXFileReference; lastKnownFileType = sourcecode.swift; path = PollViewController.swift; sourceTree = "<group>"; };
		47F912E82A684650004D457C /* PollViewModel.swift */ = {isa = PBXFileReference; lastKnownFileType = sourcecode.swift; path = PollViewModel.swift; sourceTree = "<group>"; };
		47F912EA2A684694004D457C /* Poll.storyboard */ = {isa = PBXFileReference; lastKnownFileType = file.storyboard; path = Poll.storyboard; sourceTree = "<group>"; };
		828EF67343F1A1E05E74D4B0 /* Pods-Viafoura.release.xcconfig */ = {isa = PBXFileReference; includeInIndex = 1; lastKnownFileType = text.xcconfig; name = "Pods-Viafoura.release.xcconfig"; path = "Target Support Files/Pods-Viafoura/Pods-Viafoura.release.xcconfig"; sourceTree = "<group>"; };
		8D84CA436C59C8B7F6588B2B /* Pods_Viafoura.framework */ = {isa = PBXFileReference; explicitFileType = wrapper.framework; includeInIndex = 0; path = Pods_Viafoura.framework; sourceTree = BUILT_PRODUCTS_DIR; };
/* End PBXFileReference section */

/* Begin PBXFrameworksBuildPhase section */
		47B0096028179DF800EF93FD /* Frameworks */ = {
			isa = PBXFrameworksBuildPhase;
			buildActionMask = 2147483647;
			files = (
				47E991D42A780D46006DE6F5 /* ViafouraSDK.framework in Frameworks */,
				47B1DD39297EC13700FBD05C /* Kingfisher in Frameworks */,
				70ACF1AD7E6B5FDF8B92884B /* Pods_Viafoura.framework in Frameworks */,
			);
			runOnlyForDeploymentPostprocessing = 0;
		};
/* End PBXFrameworksBuildPhase section */

/* Begin PBXGroup section */
		4710CE102A164EFC00A4115D /* Extensions */ = {
			isa = PBXGroup;
			children = (
				4710CE112A164F0A00A4115D /* UIViewController+HideKeyboard.swift */,
				470D07DE2B62B43800932D2C /* UIViewController+Fade.swift */,
			);
			path = Extensions;
			sourceTree = "<group>";
		};
		4771BE2429354C2F00389833 /* Settings */ = {
			isa = PBXGroup;
			children = (
				4771BE2529354C3800389833 /* SettingsViewController.swift */,
				4771BE2729354C4E00389833 /* SettingsViewModel.swift */,
				4771BE2929354F4100389833 /* SettingCell.swift */,
				47CB996729E586A80070FF2B /* Settings.storyboard */,
			);
			path = Settings;
			sourceTree = "<group>";
		};
		4771BE2E2935544500389833 /* CommentsContainer */ = {
			isa = PBXGroup;
			children = (
				4771BE2F2935545600389833 /* CommentsContainerViewController.swift */,
				4771BE332935571D00389833 /* CommentsContainerViewModel.swift */,
				47CB996D29E586BE0070FF2B /* CommentsContainer.storyboard */,
			);
			path = CommentsContainer;
			sourceTree = "<group>";
		};
		4775C5D72824395E00185FFF /* Signup */ = {
			isa = PBXGroup;
			children = (
				47A8F22A2832D1F300D9EB8B /* SignUpViewController.swift */,
				47A8F2262832D1E700D9EB8B /* SignUpViewModel.swift */,
				47CB996329E586960070FF2B /* SignUp.storyboard */,
			);
			path = Signup;
			sourceTree = "<group>";
		};
		477904162818E7F50019B2F3 /* Home */ = {
			isa = PBXGroup;
			children = (
				4779041F2818E86B0019B2F3 /* Cell */,
				47B0096A28179DF800EF93FD /* HomeViewController.swift */,
				477904172818E7FF0019B2F3 /* HomeViewModel.swift */,
				47CB996529E586A00070FF2B /* Home.storyboard */,
			);
			path = Home;
			sourceTree = "<group>";
		};
		477904192818E8150019B2F3 /* Model */ = {
			isa = PBXGroup;
			children = (
				4779041A2818E81B0019B2F3 /* Story.swift */,
				4771BE2B2935506E00389833 /* Setting.swift */,
				4771BE31293556A000389833 /* VCIdentifier.swift */,
				47F912E12A684199004D457C /* Content.swift */,
				47F912E32A68419F004D457C /* Poll.swift */,
			);
			path = Model;
			sourceTree = "<group>";
		};
		4779041C2818E81E0019B2F3 /* Login */ = {
			isa = PBXGroup;
			children = (
				477904252818EAB90019B2F3 /* LoginViewController.swift */,
				4795030A2819D05D00ED9E56 /* LoginViewModel.swift */,
				47CB996129E5868F0070FF2B /* Login.storyboard */,
			);
			path = Login;
			sourceTree = "<group>";
		};
		4779041D2818E8280019B2F3 /* Features */ = {
			isa = PBXGroup;
			children = (
				47F912E52A684312004D457C /* Poll */,
				47CB993C29E3866F0070FF2B /* LiveChat */,
				479B5A2829D34A9400734F84 /* LiveBlog */,
				4771BE2E2935544500389833 /* CommentsContainer */,
				4771BE2429354C2F00389833 /* Settings */,
				47DAE5082922EF65008E95E1 /* LiveChats */,
				479502CF2818F03100ED9E56 /* Tab */,
				4779041E2818E85B0019B2F3 /* Article */,
				4779041C2818E81E0019B2F3 /* Login */,
				4775C5D72824395E00185FFF /* Signup */,
				477904162818E7F50019B2F3 /* Home */,
				473DBC2B285A59E30044D00F /* CustomNavigationController.swift */,
			);
			path = Features;
			sourceTree = "<group>";
		};
		4779041E2818E85B0019B2F3 /* Article */ = {
			isa = PBXGroup;
			children = (
				477904102818E2CC0019B2F3 /* ArticleViewController.swift */,
				477904272818EC6C0019B2F3 /* ArticleViewModel.swift */,
				47CB995F29E586880070FF2B /* Article.storyboard */,
			);
			path = Article;
			sourceTree = "<group>";
		};
		4779041F2818E86B0019B2F3 /* Cell */ = {
			isa = PBXGroup;
			children = (
				477904142818E73D0019B2F3 /* StoryTableViewCell.swift */,
				47F912DF2A683F81004D457C /* PollTableViewCell.swift */,
			);
			path = Cell;
			sourceTree = "<group>";
		};
		477904202818E8F40019B2F3 /* Resources */ = {
			isa = PBXGroup;
			children = (
				47E29F0E2B0BB6B000BB5267 /* video-cnn.mp4 */,
				47CB994129E3888C0070FF2B /* video-example.mp4 */,
				470700FD28CBEBC500BE9C0D /* GoogleService-Info.plist */,
				47B0096F28179DFB00EF93FD /* Assets.xcassets */,
				47B0097428179DFB00EF93FD /* Info.plist */,
				4707010728CFAD2C00BE9C0D /* LoginRadius.plist */,
			);
			path = Resources;
			sourceTree = "<group>";
		};
		477904212818E8FD0019B2F3 /* Splash */ = {
			isa = PBXGroup;
			children = (
				47B0097128179DFB00EF93FD /* LaunchScreen.storyboard */,
			);
			path = Splash;
			sourceTree = "<group>";
		};
		479502CF2818F03100ED9E56 /* Tab */ = {
			isa = PBXGroup;
			children = (
				47B0096C28179DF800EF93FD /* Main.storyboard */,
				479502D22818F03C00ED9E56 /* MainTabBarController.swift */,
			);
			path = Tab;
			sourceTree = "<group>";
		};
		479A3C352B080FF800E455A5 /* LiveChatPortraitOverlay */ = {
			isa = PBXGroup;
			children = (
				47CB993D29E3867C0070FF2B /* LiveChatPortraitOverlayViewController.swift */,
				47CB996B29E586B60070FF2B /* LiveChatPortraitOverlay.storyboard */,
			);
			path = LiveChatPortraitOverlay;
			sourceTree = "<group>";
		};
		479A3C362B08101900E455A5 /* LiveChatPortrait */ = {
			isa = PBXGroup;
			children = (
				479A3C372B08106000E455A5 /* LiveChatPortraitViewController.swift */,
				479A3C392B08107600E455A5 /* LiveChatPortrait.storyboard */,
			);
			path = LiveChatPortrait;
			sourceTree = "<group>";
		};
		479B5A2829D34A9400734F84 /* LiveBlog */ = {
			isa = PBXGroup;
			children = (
				479B5A2929D34AA600734F84 /* LiveBlogViewController.swift */,
				479B5A2B29D34AFD00734F84 /* LiveBlogViewModel.swift */,
				47CB996929E586B00070FF2B /* LiveBlog.storyboard */,
			);
			path = LiveBlog;
			sourceTree = "<group>";
		};
		47A7E5052A3215440056AF74 /* Products */ = {
			isa = PBXGroup;
			children = (
				47A7E50A2A3215440056AF74 /* ViafouraSDK.framework */,
				47A7E50C2A3215440056AF74 /* ViafouraSDKTests.xctest */,
			);
			name = Products;
			sourceTree = "<group>";
		};
		47B0095A28179DF800EF93FD = {
			isa = PBXGroup;
			children = (
				47A7E5042A3215440056AF74 /* ViafouraSDK.xcodeproj */,
				47B0096528179DF800EF93FD /* Viafoura */,
				47B0096428179DF800EF93FD /* Products */,
				47B0099928179F0900EF93FD /* Frameworks */,
				647EE21E98ADD6C38637E6BB /* Pods */,
			);
			sourceTree = "<group>";
		};
		47B0096428179DF800EF93FD /* Products */ = {
			isa = PBXGroup;
			children = (
				47B0096328179DF800EF93FD /* Viafoura.app */,
			);
			name = Products;
			sourceTree = "<group>";
		};
		47B0096528179DF800EF93FD /* Viafoura */ = {
			isa = PBXGroup;
			children = (
				4710CE102A164EFC00A4115D /* Extensions */,
				47162750293FA61100729F25 /* Viafoura.entitlements */,
				47CB997129E589600070FF2B /* Protocol */,
				477904212818E8FD0019B2F3 /* Splash */,
				477904202818E8F40019B2F3 /* Resources */,
				4779041D2818E8280019B2F3 /* Features */,
				477904192818E8150019B2F3 /* Model */,
				47B0096628179DF800EF93FD /* AppDelegate.swift */,
				47B0096828179DF800EF93FD /* SceneDelegate.swift */,
			);
			path = Viafoura;
			sourceTree = "<group>";
		};
		47B0099928179F0900EF93FD /* Frameworks */ = {
			isa = PBXGroup;
			children = (
				8D84CA436C59C8B7F6588B2B /* Pods_Viafoura.framework */,
			);
			name = Frameworks;
			sourceTree = "<group>";
		};
		47CB993C29E3866F0070FF2B /* LiveChat */ = {
			isa = PBXGroup;
			children = (
				479A3C362B08101900E455A5 /* LiveChatPortrait */,
				479A3C352B080FF800E455A5 /* LiveChatPortraitOverlay */,
				47CB993F29E386820070FF2B /* LiveChatViewModel.swift */,
			);
			path = LiveChat;
			sourceTree = "<group>";
		};
		47CB997129E589600070FF2B /* Protocol */ = {
			isa = PBXGroup;
			children = (
				47CB997229E589700070FF2B /* StoryboardCreatable.swift */,
			);
			path = Protocol;
			sourceTree = "<group>";
		};
		47DAE5082922EF65008E95E1 /* LiveChats */ = {
			isa = PBXGroup;
			children = (
				47DAE50D2922EF7D008E95E1 /* Cell */,
				47DAE5092922EF72008E95E1 /* LiveChatsViewController.swift */,
				47DAE50B2922EF7A008E95E1 /* LiveChatsViewModel.swift */,
				47CB996F29E586C70070FF2B /* LiveChats.storyboard */,
			);
			path = LiveChats;
			sourceTree = "<group>";
		};
		47DAE50D2922EF7D008E95E1 /* Cell */ = {
			isa = PBXGroup;
			children = (
				47DAE50E2922EF8D008E95E1 /* LiveChatTableViewCell.swift */,
			);
			path = Cell;
			sourceTree = "<group>";
		};
		47F912E52A684312004D457C /* Poll */ = {
			isa = PBXGroup;
			children = (
				47F912E62A68431A004D457C /* PollViewController.swift */,
				47F912E82A684650004D457C /* PollViewModel.swift */,
				47F912EA2A684694004D457C /* Poll.storyboard */,
			);
			path = Poll;
			sourceTree = "<group>";
		};
		647EE21E98ADD6C38637E6BB /* Pods */ = {
			isa = PBXGroup;
			children = (
				422FA97CFCF760DBE8152637 /* Pods-Viafoura.debug.xcconfig */,
				828EF67343F1A1E05E74D4B0 /* Pods-Viafoura.release.xcconfig */,
			);
			path = Pods;
			sourceTree = "<group>";
		};
/* End PBXGroup section */

/* Begin PBXNativeTarget section */
		47B0096228179DF800EF93FD /* Viafoura */ = {
			isa = PBXNativeTarget;
			buildConfigurationList = 47B0097728179DFB00EF93FD /* Build configuration list for PBXNativeTarget "Viafoura" */;
			buildPhases = (
				4EB6334018611936660C7F10 /* [CP] Check Pods Manifest.lock */,
				47B0095F28179DF800EF93FD /* Sources */,
				47B0096028179DF800EF93FD /* Frameworks */,
				47B0096128179DF800EF93FD /* Resources */,
				5AAEF5A1819B1F8289A16C03 /* [CP] Embed Pods Frameworks */,
				47162763293FAA9400729F25 /* Embed Foundation Extensions */,
				47E991D62A780D46006DE6F5 /* Embed Frameworks */,
				4710CE282A1689A900A4115D /* ShellScript */,
			);
			buildRules = (
			);
			dependencies = (
			);
			name = Viafoura;
			packageProductDependencies = (
				47B1DD38297EC13700FBD05C /* Kingfisher */,
			);
			productName = Viafoura;
			productReference = 47B0096328179DF800EF93FD /* Viafoura.app */;
			productType = "com.apple.product-type.application";
		};
/* End PBXNativeTarget section */

/* Begin PBXProject section */
		47B0095B28179DF800EF93FD /* Project object */ = {
			isa = PBXProject;
			attributes = {
				BuildIndependentTargetsInParallel = 1;
				LastSwiftUpdateCheck = 1410;
				LastUpgradeCheck = 1330;
				TargetAttributes = {
					47B0096228179DF800EF93FD = {
						CreatedOnToolsVersion = 13.3;
					};
				};
			};
			buildConfigurationList = 47B0095E28179DF800EF93FD /* Build configuration list for PBXProject "Viafoura" */;
			compatibilityVersion = "Xcode 13.0";
			developmentRegion = en;
			hasScannedForEncodings = 0;
			knownRegions = (
				en,
				Base,
			);
			mainGroup = 47B0095A28179DF800EF93FD;
			packageReferences = (
				47B1DD37297EC13700FBD05C /* XCRemoteSwiftPackageReference "Kingfisher" */,
			);
			productRefGroup = 47B0096428179DF800EF93FD /* Products */;
			projectDirPath = "";
			projectReferences = (
				{
					ProductGroup = 47A7E5052A3215440056AF74 /* Products */;
					ProjectRef = 47A7E5042A3215440056AF74 /* ViafouraSDK.xcodeproj */;
				},
			);
			projectRoot = "";
			targets = (
				47B0096228179DF800EF93FD /* Viafoura */,
			);
		};
/* End PBXProject section */

/* Begin PBXReferenceProxy section */
		47A7E50A2A3215440056AF74 /* ViafouraSDK.framework */ = {
			isa = PBXReferenceProxy;
			fileType = wrapper.framework;
			path = ViafouraSDK.framework;
			remoteRef = 47A7E5092A3215440056AF74 /* PBXContainerItemProxy */;
			sourceTree = BUILT_PRODUCTS_DIR;
		};
		47A7E50C2A3215440056AF74 /* ViafouraSDKTests.xctest */ = {
			isa = PBXReferenceProxy;
			fileType = wrapper.cfbundle;
			path = ViafouraSDKTests.xctest;
			remoteRef = 47A7E50B2A3215440056AF74 /* PBXContainerItemProxy */;
			sourceTree = BUILT_PRODUCTS_DIR;
		};
/* End PBXReferenceProxy section */

/* Begin PBXResourcesBuildPhase section */
		47B0096128179DF800EF93FD /* Resources */ = {
			isa = PBXResourcesBuildPhase;
			buildActionMask = 2147483647;
			files = (
				47CB996229E5868F0070FF2B /* Login.storyboard in Resources */,
				47CB996629E586A00070FF2B /* Home.storyboard in Resources */,
				47CB996829E586A80070FF2B /* Settings.storyboard in Resources */,
				47CB994229E388BE0070FF2B /* video-example.mp4 in Resources */,
				47CB997029E586C70070FF2B /* LiveChats.storyboard in Resources */,
				47CB996E29E586BE0070FF2B /* CommentsContainer.storyboard in Resources */,
				47CB996429E586960070FF2B /* SignUp.storyboard in Resources */,
				47B0097328179DFB00EF93FD /* LaunchScreen.storyboard in Resources */,
				47CB996A29E586B00070FF2B /* LiveBlog.storyboard in Resources */,
				47CB996029E586880070FF2B /* Article.storyboard in Resources */,
				4707010028CBEBC500BE9C0D /* GoogleService-Info.plist in Resources */,
				47B0097028179DFB00EF93FD /* Assets.xcassets in Resources */,
				479A3C3A2B08107600E455A5 /* LiveChatPortrait.storyboard in Resources */,
				47E29F0F2B0BB6B300BB5267 /* video-cnn.mp4 in Resources */,
				47B0096E28179DF800EF93FD /* Main.storyboard in Resources */,
				47F912EB2A684694004D457C /* Poll.storyboard in Resources */,
				4707010828CFAD2C00BE9C0D /* LoginRadius.plist in Resources */,
				47CB996C29E586B60070FF2B /* LiveChatPortraitOverlay.storyboard in Resources */,
			);
			runOnlyForDeploymentPostprocessing = 0;
		};
/* End PBXResourcesBuildPhase section */

/* Begin PBXShellScriptBuildPhase section */
		4710CE282A1689A900A4115D /* ShellScript */ = {
			isa = PBXShellScriptBuildPhase;
			buildActionMask = 2147483647;
			files = (
			);
			inputFileListPaths = (
			);
			inputPaths = (
				"${DWARF_DSYM_FOLDER_PATH}/${DWARF_DSYM_FILE_NAME}/Contents/Resources/DWARF/${TARGET_NAME}",
				"$(SRCROOT)/$(BUILT_PRODUCTS_DIR)/$(INFOPLIST_PATH)\n",
			);
			outputFileListPaths = (
			);
			outputPaths = (
			);
			runOnlyForDeploymentPostprocessing = 0;
			shellPath = /bin/sh;
			shellScript = "\"${PODS_ROOT}/FirebaseCrashlytics/run\"\n";
		};
		4EB6334018611936660C7F10 /* [CP] Check Pods Manifest.lock */ = {
			isa = PBXShellScriptBuildPhase;
			buildActionMask = 2147483647;
			files = (
			);
			inputFileListPaths = (
			);
			inputPaths = (
				"${PODS_PODFILE_DIR_PATH}/Podfile.lock",
				"${PODS_ROOT}/Manifest.lock",
			);
			name = "[CP] Check Pods Manifest.lock";
			outputFileListPaths = (
			);
			outputPaths = (
				"$(DERIVED_FILE_DIR)/Pods-Viafoura-checkManifestLockResult.txt",
			);
			runOnlyForDeploymentPostprocessing = 0;
			shellPath = /bin/sh;
			shellScript = "diff \"${PODS_PODFILE_DIR_PATH}/Podfile.lock\" \"${PODS_ROOT}/Manifest.lock\" > /dev/null\nif [ $? != 0 ] ; then\n    # print error to STDERR\n    echo \"error: The sandbox is not in sync with the Podfile.lock. Run 'pod install' or update your CocoaPods installation.\" >&2\n    exit 1\nfi\n# This output is used by Xcode 'outputs' to avoid re-running this script phase.\necho \"SUCCESS\" > \"${SCRIPT_OUTPUT_FILE_0}\"\n";
			showEnvVarsInLog = 0;
		};
		5AAEF5A1819B1F8289A16C03 /* [CP] Embed Pods Frameworks */ = {
			isa = PBXShellScriptBuildPhase;
			buildActionMask = 2147483647;
			files = (
			);
			inputFileListPaths = (
				"${PODS_ROOT}/Target Support Files/Pods-Viafoura/Pods-Viafoura-frameworks-${CONFIGURATION}-input-files.xcfilelist",
			);
			name = "[CP] Embed Pods Frameworks";
			outputFileListPaths = (
				"${PODS_ROOT}/Target Support Files/Pods-Viafoura/Pods-Viafoura-frameworks-${CONFIGURATION}-output-files.xcfilelist",
			);
			runOnlyForDeploymentPostprocessing = 0;
			shellPath = /bin/sh;
			shellScript = "\"${PODS_ROOT}/Target Support Files/Pods-Viafoura/Pods-Viafoura-frameworks.sh\"\n";
			showEnvVarsInLog = 0;
		};
/* End PBXShellScriptBuildPhase section */

/* Begin PBXSourcesBuildPhase section */
		47B0095F28179DF800EF93FD /* Sources */ = {
			isa = PBXSourcesBuildPhase;
			buildActionMask = 2147483647;
			files = (
				47DAE50A2922EF72008E95E1 /* LiveChatsViewController.swift in Sources */,
				47F912E92A684650004D457C /* PollViewModel.swift in Sources */,
				477904262818EAB90019B2F3 /* LoginViewController.swift in Sources */,
				47A8F2272832D1E700D9EB8B /* SignUpViewModel.swift in Sources */,
				47F912E22A684199004D457C /* Content.swift in Sources */,
				4779041B2818E81B0019B2F3 /* Story.swift in Sources */,
				4771BE302935545600389833 /* CommentsContainerViewController.swift in Sources */,
				47CB997329E589700070FF2B /* StoryboardCreatable.swift in Sources */,
				479502D32818F03C00ED9E56 /* MainTabBarController.swift in Sources */,
				4771BE2629354C3800389833 /* SettingsViewController.swift in Sources */,
				4771BE2C2935506E00389833 /* Setting.swift in Sources */,
				4710CE122A164F0A00A4115D /* UIViewController+HideKeyboard.swift in Sources */,
				479B5A2A29D34AA600734F84 /* LiveBlogViewController.swift in Sources */,
				47B0096B28179DF800EF93FD /* HomeViewController.swift in Sources */,
				4771BE32293556A100389833 /* VCIdentifier.swift in Sources */,
				4771BE342935571D00389833 /* CommentsContainerViewModel.swift in Sources */,
				477904282818EC6C0019B2F3 /* ArticleViewModel.swift in Sources */,
				47F912E02A683F81004D457C /* PollTableViewCell.swift in Sources */,
				47F912E72A68431A004D457C /* PollViewController.swift in Sources */,
				479A3C382B08106000E455A5 /* LiveChatPortraitViewController.swift in Sources */,
				47DAE50C2922EF7A008E95E1 /* LiveChatsViewModel.swift in Sources */,
				473DBC2C285A59E30044D00F /* CustomNavigationController.swift in Sources */,
				477904182818E7FF0019B2F3 /* HomeViewModel.swift in Sources */,
				4771BE2A29354F4200389833 /* SettingCell.swift in Sources */,
				479B5A2C29D34AFD00734F84 /* LiveBlogViewModel.swift in Sources */,
				477904112818E2CC0019B2F3 /* ArticleViewController.swift in Sources */,
				47CB994029E386820070FF2B /* LiveChatViewModel.swift in Sources */,
				47DAE50F2922EF8D008E95E1 /* LiveChatTableViewCell.swift in Sources */,
				47F912E42A68419F004D457C /* Poll.swift in Sources */,
				47A8F22B2832D1F300D9EB8B /* SignUpViewController.swift in Sources */,
				4771BE2829354C4E00389833 /* SettingsViewModel.swift in Sources */,
				4795030B2819D05D00ED9E56 /* LoginViewModel.swift in Sources */,
				47B0096728179DF800EF93FD /* AppDelegate.swift in Sources */,
				47B0096928179DF800EF93FD /* SceneDelegate.swift in Sources */,
				47CB993E29E3867C0070FF2B /* LiveChatPortraitOverlayViewController.swift in Sources */,
				470D07DF2B62B43800932D2C /* UIViewController+Fade.swift in Sources */,
				477904152818E73D0019B2F3 /* StoryTableViewCell.swift in Sources */,
			);
			runOnlyForDeploymentPostprocessing = 0;
		};
/* End PBXSourcesBuildPhase section */

/* Begin PBXVariantGroup section */
		47B0096C28179DF800EF93FD /* Main.storyboard */ = {
			isa = PBXVariantGroup;
			children = (
				47B0096D28179DF800EF93FD /* Base */,
			);
			name = Main.storyboard;
			sourceTree = "<group>";
		};
		47B0097128179DFB00EF93FD /* LaunchScreen.storyboard */ = {
			isa = PBXVariantGroup;
			children = (
				47B0097228179DFB00EF93FD /* Base */,
			);
			name = LaunchScreen.storyboard;
			sourceTree = "<group>";
		};
/* End PBXVariantGroup section */

/* Begin XCBuildConfiguration section */
		47B0097528179DFB00EF93FD /* Debug */ = {
			isa = XCBuildConfiguration;
			buildSettings = {
				ALWAYS_SEARCH_USER_PATHS = NO;
				CLANG_ANALYZER_NONNULL = YES;
				CLANG_ANALYZER_NUMBER_OBJECT_CONVERSION = YES_AGGRESSIVE;
				CLANG_CXX_LANGUAGE_STANDARD = "gnu++17";
				CLANG_ENABLE_MODULES = YES;
				CLANG_ENABLE_OBJC_ARC = YES;
				CLANG_ENABLE_OBJC_WEAK = YES;
				CLANG_WARN_BLOCK_CAPTURE_AUTORELEASING = YES;
				CLANG_WARN_BOOL_CONVERSION = YES;
				CLANG_WARN_COMMA = YES;
				CLANG_WARN_CONSTANT_CONVERSION = YES;
				CLANG_WARN_DEPRECATED_OBJC_IMPLEMENTATIONS = YES;
				CLANG_WARN_DIRECT_OBJC_ISA_USAGE = YES_ERROR;
				CLANG_WARN_DOCUMENTATION_COMMENTS = YES;
				CLANG_WARN_EMPTY_BODY = YES;
				CLANG_WARN_ENUM_CONVERSION = YES;
				CLANG_WARN_INFINITE_RECURSION = YES;
				CLANG_WARN_INT_CONVERSION = YES;
				CLANG_WARN_NON_LITERAL_NULL_CONVERSION = YES;
				CLANG_WARN_OBJC_IMPLICIT_RETAIN_SELF = YES;
				CLANG_WARN_OBJC_LITERAL_CONVERSION = YES;
				CLANG_WARN_OBJC_ROOT_CLASS = YES_ERROR;
				CLANG_WARN_QUOTED_INCLUDE_IN_FRAMEWORK_HEADER = YES;
				CLANG_WARN_RANGE_LOOP_ANALYSIS = YES;
				CLANG_WARN_STRICT_PROTOTYPES = YES;
				CLANG_WARN_SUSPICIOUS_MOVE = YES;
				CLANG_WARN_UNGUARDED_AVAILABILITY = YES_AGGRESSIVE;
				CLANG_WARN_UNREACHABLE_CODE = YES;
				CLANG_WARN__DUPLICATE_METHOD_MATCH = YES;
				COPY_PHASE_STRIP = NO;
				DEBUG_INFORMATION_FORMAT = dwarf;
				ENABLE_STRICT_OBJC_MSGSEND = YES;
				ENABLE_TESTABILITY = YES;
				GCC_C_LANGUAGE_STANDARD = gnu11;
				GCC_DYNAMIC_NO_PIC = NO;
				GCC_NO_COMMON_BLOCKS = YES;
				GCC_OPTIMIZATION_LEVEL = 0;
				GCC_PREPROCESSOR_DEFINITIONS = (
					"DEBUG=1",
					"$(inherited)",
				);
				GCC_WARN_64_TO_32_BIT_CONVERSION = YES;
				GCC_WARN_ABOUT_RETURN_TYPE = YES_ERROR;
				GCC_WARN_UNDECLARED_SELECTOR = YES;
				GCC_WARN_UNINITIALIZED_AUTOS = YES_AGGRESSIVE;
				GCC_WARN_UNUSED_FUNCTION = YES;
				GCC_WARN_UNUSED_VARIABLE = YES;
				IPHONEOS_DEPLOYMENT_TARGET = 15.4;
				MTL_ENABLE_DEBUG_INFO = INCLUDE_SOURCE;
				MTL_FAST_MATH = YES;
				ONLY_ACTIVE_ARCH = NO;
				SDKROOT = iphoneos;
				SWIFT_ACTIVE_COMPILATION_CONDITIONS = DEBUG;
				SWIFT_OPTIMIZATION_LEVEL = "-Onone";
			};
			name = Debug;
		};
		47B0097628179DFB00EF93FD /* Release */ = {
			isa = XCBuildConfiguration;
			buildSettings = {
				ALWAYS_SEARCH_USER_PATHS = NO;
				CLANG_ANALYZER_NONNULL = YES;
				CLANG_ANALYZER_NUMBER_OBJECT_CONVERSION = YES_AGGRESSIVE;
				CLANG_CXX_LANGUAGE_STANDARD = "gnu++17";
				CLANG_ENABLE_MODULES = YES;
				CLANG_ENABLE_OBJC_ARC = YES;
				CLANG_ENABLE_OBJC_WEAK = YES;
				CLANG_WARN_BLOCK_CAPTURE_AUTORELEASING = YES;
				CLANG_WARN_BOOL_CONVERSION = YES;
				CLANG_WARN_COMMA = YES;
				CLANG_WARN_CONSTANT_CONVERSION = YES;
				CLANG_WARN_DEPRECATED_OBJC_IMPLEMENTATIONS = YES;
				CLANG_WARN_DIRECT_OBJC_ISA_USAGE = YES_ERROR;
				CLANG_WARN_DOCUMENTATION_COMMENTS = YES;
				CLANG_WARN_EMPTY_BODY = YES;
				CLANG_WARN_ENUM_CONVERSION = YES;
				CLANG_WARN_INFINITE_RECURSION = YES;
				CLANG_WARN_INT_CONVERSION = YES;
				CLANG_WARN_NON_LITERAL_NULL_CONVERSION = YES;
				CLANG_WARN_OBJC_IMPLICIT_RETAIN_SELF = YES;
				CLANG_WARN_OBJC_LITERAL_CONVERSION = YES;
				CLANG_WARN_OBJC_ROOT_CLASS = YES_ERROR;
				CLANG_WARN_QUOTED_INCLUDE_IN_FRAMEWORK_HEADER = YES;
				CLANG_WARN_RANGE_LOOP_ANALYSIS = YES;
				CLANG_WARN_STRICT_PROTOTYPES = YES;
				CLANG_WARN_SUSPICIOUS_MOVE = YES;
				CLANG_WARN_UNGUARDED_AVAILABILITY = YES_AGGRESSIVE;
				CLANG_WARN_UNREACHABLE_CODE = YES;
				CLANG_WARN__DUPLICATE_METHOD_MATCH = YES;
				COPY_PHASE_STRIP = NO;
				DEBUG_INFORMATION_FORMAT = "dwarf-with-dsym";
				ENABLE_NS_ASSERTIONS = NO;
				ENABLE_STRICT_OBJC_MSGSEND = YES;
				GCC_C_LANGUAGE_STANDARD = gnu11;
				GCC_NO_COMMON_BLOCKS = YES;
				GCC_WARN_64_TO_32_BIT_CONVERSION = YES;
				GCC_WARN_ABOUT_RETURN_TYPE = YES_ERROR;
				GCC_WARN_UNDECLARED_SELECTOR = YES;
				GCC_WARN_UNINITIALIZED_AUTOS = YES_AGGRESSIVE;
				GCC_WARN_UNUSED_FUNCTION = YES;
				GCC_WARN_UNUSED_VARIABLE = YES;
				IPHONEOS_DEPLOYMENT_TARGET = 15.4;
				MTL_ENABLE_DEBUG_INFO = NO;
				MTL_FAST_MATH = YES;
				ONLY_ACTIVE_ARCH = NO;
				SDKROOT = iphoneos;
				SWIFT_COMPILATION_MODE = wholemodule;
				SWIFT_OPTIMIZATION_LEVEL = "-O";
				VALIDATE_PRODUCT = YES;
			};
			name = Release;
		};
		47B0097828179DFB00EF93FD /* Debug */ = {
			isa = XCBuildConfiguration;
			baseConfigurationReference = 422FA97CFCF760DBE8152637 /* Pods-Viafoura.debug.xcconfig */;
			buildSettings = {
				ASSETCATALOG_COMPILER_APPICON_NAME = AppIcon;
				ASSETCATALOG_COMPILER_GLOBAL_ACCENT_COLOR_NAME = AccentColor;
				CODE_SIGN_ENTITLEMENTS = Viafoura/Viafoura.entitlements;
				CODE_SIGN_STYLE = Automatic;
				CURRENT_PROJECT_VERSION = 103;
				DEBUG_INFORMATION_FORMAT = "dwarf-with-dsym";
				DEVELOPMENT_TEAM = JJ3874BH56;
				GENERATE_INFOPLIST_FILE = YES;
				INFOPLIST_FILE = Viafoura/Resources/Info.plist;
				INFOPLIST_KEY_CFBundleDisplayName = "Viafoura Sample App";
				INFOPLIST_KEY_UIApplicationSupportsIndirectInputEvents = YES;
				INFOPLIST_KEY_UILaunchStoryboardName = LaunchScreen;
				INFOPLIST_KEY_UIMainStoryboardFile = Main;
				INFOPLIST_KEY_UISupportedInterfaceOrientations_iPad = "UIInterfaceOrientationPortrait UIInterfaceOrientationPortraitUpsideDown UIInterfaceOrientationLandscapeLeft UIInterfaceOrientationLandscapeRight";
				INFOPLIST_KEY_UISupportedInterfaceOrientations_iPhone = "UIInterfaceOrientationPortrait UIInterfaceOrientationLandscapeLeft UIInterfaceOrientationLandscapeRight";
				LD_RUNPATH_SEARCH_PATHS = (
					"$(inherited)",
					"@executable_path/Frameworks",
				);
				MARKETING_VERSION = 1.0.102;
				PRODUCT_BUNDLE_IDENTIFIER = com.viafoura.sampleapp;
				PRODUCT_NAME = "$(TARGET_NAME)";
				SWIFT_EMIT_LOC_STRINGS = YES;
				SWIFT_VERSION = 5.0;
				TARGETED_DEVICE_FAMILY = "1,2";
			};
			name = Debug;
		};
		47B0097928179DFB00EF93FD /* Release */ = {
			isa = XCBuildConfiguration;
			baseConfigurationReference = 828EF67343F1A1E05E74D4B0 /* Pods-Viafoura.release.xcconfig */;
			buildSettings = {
				ASSETCATALOG_COMPILER_APPICON_NAME = AppIcon;
				ASSETCATALOG_COMPILER_GLOBAL_ACCENT_COLOR_NAME = AccentColor;
				CODE_SIGN_ENTITLEMENTS = Viafoura/Viafoura.entitlements;
				CODE_SIGN_STYLE = Automatic;
				CURRENT_PROJECT_VERSION = 103;
				DEBUG_INFORMATION_FORMAT = "dwarf-with-dsym";
				DEVELOPMENT_TEAM = JJ3874BH56;
				GENERATE_INFOPLIST_FILE = YES;
				INFOPLIST_FILE = Viafoura/Resources/Info.plist;
				INFOPLIST_KEY_CFBundleDisplayName = "Viafoura Sample App";
				INFOPLIST_KEY_UIApplicationSupportsIndirectInputEvents = YES;
				INFOPLIST_KEY_UILaunchStoryboardName = LaunchScreen;
				INFOPLIST_KEY_UIMainStoryboardFile = Main;
				INFOPLIST_KEY_UISupportedInterfaceOrientations_iPad = "UIInterfaceOrientationPortrait UIInterfaceOrientationPortraitUpsideDown UIInterfaceOrientationLandscapeLeft UIInterfaceOrientationLandscapeRight";
				INFOPLIST_KEY_UISupportedInterfaceOrientations_iPhone = "UIInterfaceOrientationPortrait UIInterfaceOrientationLandscapeLeft UIInterfaceOrientationLandscapeRight";
				LD_RUNPATH_SEARCH_PATHS = (
					"$(inherited)",
					"@executable_path/Frameworks",
				);
				MARKETING_VERSION = 1.0.102;
				PRODUCT_BUNDLE_IDENTIFIER = com.viafoura.sampleapp;
				PRODUCT_NAME = "$(TARGET_NAME)";
				SWIFT_EMIT_LOC_STRINGS = YES;
				SWIFT_VERSION = 5.0;
				TARGETED_DEVICE_FAMILY = "1,2";
			};
			name = Release;
		};
/* End XCBuildConfiguration section */

/* Begin XCConfigurationList section */
		47B0095E28179DF800EF93FD /* Build configuration list for PBXProject "Viafoura" */ = {
			isa = XCConfigurationList;
			buildConfigurations = (
				47B0097528179DFB00EF93FD /* Debug */,
				47B0097628179DFB00EF93FD /* Release */,
			);
			defaultConfigurationIsVisible = 0;
			defaultConfigurationName = Release;
		};
		47B0097728179DFB00EF93FD /* Build configuration list for PBXNativeTarget "Viafoura" */ = {
			isa = XCConfigurationList;
			buildConfigurations = (
				47B0097828179DFB00EF93FD /* Debug */,
				47B0097928179DFB00EF93FD /* Release */,
			);
			defaultConfigurationIsVisible = 0;
			defaultConfigurationName = Release;
		};
/* End XCConfigurationList section */

/* Begin XCRemoteSwiftPackageReference section */
		47B1DD37297EC13700FBD05C /* XCRemoteSwiftPackageReference "Kingfisher" */ = {
			isa = XCRemoteSwiftPackageReference;
			repositoryURL = "https://github.com/onevcat/Kingfisher.git";
			requirement = {
				branch = master;
				kind = branch;
			};
		};
/* End XCRemoteSwiftPackageReference section */

/* Begin XCSwiftPackageProductDependency section */
		47B1DD38297EC13700FBD05C /* Kingfisher */ = {
			isa = XCSwiftPackageProductDependency;
			package = 47B1DD37297EC13700FBD05C /* XCRemoteSwiftPackageReference "Kingfisher" */;
			productName = Kingfisher;
		};
/* End XCSwiftPackageProductDependency section */
	};
	rootObject = 47B0095B28179DF800EF93FD /* Project object */;
}
